PODS:
  - Flutter (1.0.0)
  - ph_picker_view_controller (0.0.1):
    - Flutter

DEPENDENCIES:
  - Flutter (from `Flutter`)
  - ph_picker_view_controller (from `.symlinks/plugins/ph_picker_view_controller/ios`)

EXTERNAL SOURCES:
  Flutter:
    :path: Flutter
  ph_picker_view_controller:
    :path: ".symlinks/plugins/ph_picker_view_controller/ios"

SPEC CHECKSUMS:
  Flutter: f04841e97a9d0b0a8025694d0796dd46242b2854
  ph_picker_view_controller: bd4093ac74cc1594d4cbf8d7955097628543b5db

PODFILE CHECKSUM: 0a38fdfae06029f431dbbde0bfc152fb886f0c8d

COCOAPODS: 1.11.3
